{
  "name": "delivery-graph-engineering",
  "version": "0.2.2",
  "lockfileVersion": 3,
  "requires": true,
  "packages": {
    "": {
      "name": "delivery-graph-engineering",
      "version": "0.2.2",
      "license": "MIT",
      "bin": {
        "dge": "bin/dge.mjs"
      },
      "engines": {
        "node": ">=20"
      }
    }
  }
}
